
Microsoft Visual Studio Solution File, Format Version 12.00
# Visual Studio Version 17
VisualStudioVersion = 17.4.33110.190
MinimumVisualStudioVersion = 10.0.40219.1
Project("{FAE04EC0-301F-11D3-BF4B-00C04F79EFBC}") = "HOL__4__Latest__", "HOL__4__Latest__\HOL__4__Latest__.csproj", "{8A2AE3C2-640E-4D5E-BA87-14560A0FBE77}"
EndProject
Global
	GlobalSection(SolutionConfigurationPlatforms) = preSolution
		Debug|Any CPU = Debug|Any CPU
		Release|Any CPU = Release|Any CPU
	EndGlobalSection
	GlobalSection(ProjectConfigurationPlatforms) = postSolution
		{8A2AE3C2-640E-4D5E-BA87-14560A0FBE77}.Debug|Any CPU.ActiveCfg = Debug|Any CPU
		{8A2AE3C2-640E-4D5E-BA87-14560A0FBE77}.Debug|Any CPU.Build.0 = Debug|Any CPU
		{8A2AE3C2-640E-4D5E-BA87-14560A0FBE77}.Release|Any CPU.ActiveCfg = Release|Any CPU
		{8A2AE3C2-640E-4D5E-BA87-14560A0FBE77}.Release|Any CPU.Build.0 = Release|Any CPU
	EndGlobalSection
	GlobalSection(SolutionProperties) = preSolution
		HideSolutionNode = FALSE
	EndGlobalSection
	GlobalSection(ExtensibilityGlobals) = postSolution
		SolutionGuid = {5F7E40F4-A7E3-4D35-9B02-2F4CC8E5491B}
	EndGlobalSection
EndGlobal
