
Microsoft Visual Studio Solution File, Format Version 12.00
# Visual Studio Version 17
VisualStudioVersion = 17.4.33110.190
MinimumVisualStudioVersion = 10.0.40219.1
Project("{FAE04EC0-301F-11D3-BF4B-00C04F79EFBC}") = "FootBall_League_Management", "FootBall_League_Management\FootBall_League_Management.csproj", "{03B0DED1-2350-4846-BC02-93DE96ED6DEF}"
EndProject
Global
	GlobalSection(SolutionConfigurationPlatforms) = preSolution
		Debug|Any CPU = Debug|Any CPU
		Release|Any CPU = Release|Any CPU
	EndGlobalSection
	GlobalSection(ProjectConfigurationPlatforms) = postSolution
		{03B0DED1-2350-4846-BC02-93DE96ED6DEF}.Debug|Any CPU.ActiveCfg = Debug|Any CPU
		{03B0DED1-2350-4846-BC02-93DE96ED6DEF}.Debug|Any CPU.Build.0 = Debug|Any CPU
		{03B0DED1-2350-4846-BC02-93DE96ED6DEF}.Release|Any CPU.ActiveCfg = Release|Any CPU
		{03B0DED1-2350-4846-BC02-93DE96ED6DEF}.Release|Any CPU.Build.0 = Release|Any CPU
	EndGlobalSection
	GlobalSection(SolutionProperties) = preSolution
		HideSolutionNode = FALSE
	EndGlobalSection
	GlobalSection(ExtensibilityGlobals) = postSolution
		SolutionGuid = {CCB34D16-6BE2-4BCF-AFA0-E9ABA5521CE9}
	EndGlobalSection
EndGlobal
